
Microsoft Visual Studio Solution File, Format Version 12.00
# Visual Studio Version 16
VisualStudioVersion = 16.0.30611.23
MinimumVisualStudioVersion = 10.0.40219.1
Project("{FAE04EC0-301F-11D3-BF4B-00C04F79EFBC}") = "TRT_Volume", "TRT_KCVolume\TRT_Volume.csproj", "{4D9D3F48-D726-4FD0-B18F-7EB5F0CDD26E}"
EndProject
Global
	GlobalSection(SolutionConfigurationPlatforms) = preSolution
		Debug|Any CPU = Debug|Any CPU
		Release|Any CPU = Release|Any CPU
	EndGlobalSection
	GlobalSection(ProjectConfigurationPlatforms) = postSolution
		{4D9D3F48-D726-4FD0-B18F-7EB5F0CDD26E}.Debug|Any CPU.ActiveCfg = Debug|Any CPU
		{4D9D3F48-D726-4FD0-B18F-7EB5F0CDD26E}.Debug|Any CPU.Build.0 = Debug|Any CPU
		{4D9D3F48-D726-4FD0-B18F-7EB5F0CDD26E}.Release|Any CPU.ActiveCfg = Release|Any CPU
		{4D9D3F48-D726-4FD0-B18F-7EB5F0CDD26E}.Release|Any CPU.Build.0 = Release|Any CPU
	EndGlobalSection
	GlobalSection(SolutionProperties) = preSolution
		HideSolutionNode = FALSE
	EndGlobalSection
	GlobalSection(ExtensibilityGlobals) = postSolution
		SolutionGuid = {12179722-ECB0-45CB-B219-8369B110DCB6}
	EndGlobalSection
EndGlobal
